// !$*UTF8*$!
{
	archiveVersion = 1;
	classes = {
	};
	objectVersion = 56;
	objects = {

/* Begin PBXBuildFile section */
		24107AA62BB6AE9200923DD6 /* MainTabView.swift in Sources */ = {isa = PBXBuildFile; fileRef = 24107AA52BB6AE9200923DD6 /* MainTabView.swift */; };
		24107AA82BB6CC6400923DD6 /* GreetingUserView.swift in Sources */ = {isa = PBXBuildFile; fileRef = 24107AA72BB6CC6400923DD6 /* GreetingUserView.swift */; };
		24107AAB2BB6CCF100923DD6 /* LinkViewModel.swift in Sources */ = {isa = PBXBuildFile; fileRef = 24107AAA2BB6CCF100923DD6 /* LinkViewModel.swift */; };
		24107AAE2BB6D37D00923DD6 /* LinkAnalyticsView.swift in Sources */ = {isa = PBXBuildFile; fileRef = 24107AAD2BB6D37D00923DD6 /* LinkAnalyticsView.swift */; };
		24107AB02BB6E29300923DD6 /* LinksListView.swift in Sources */ = {isa = PBXBuildFile; fileRef = 24107AAF2BB6E29300923DD6 /* LinksListView.swift */; };
		24107AB22BB6E4C600923DD6 /* LinkListCardView.swift in Sources */ = {isa = PBXBuildFile; fileRef = 24107AB12BB6E4C600923DD6 /* LinkListCardView.swift */; };
		24107AB42BB6EE1800923DD6 /* SupportButtonView.swift in Sources */ = {isa = PBXBuildFile; fileRef = 24107AB32BB6EE1800923DD6 /* SupportButtonView.swift */; };
		24107AB72BB6F19500923DD6 /* NetworkManager.swift in Sources */ = {isa = PBXBuildFile; fileRef = 24107AB62BB6F19500923DD6 /* NetworkManager.swift */; };
		24107AB92BB6F6BD00923DD6 /* DashboardDataModel.swift in Sources */ = {isa = PBXBuildFile; fileRef = 24107AB82BB6F6BD00923DD6 /* DashboardDataModel.swift */; };
		24107ABB2BB6FB0E00923DD6 /* ClickData.swift in Sources */ = {isa = PBXBuildFile; fileRef = 24107ABA2BB6FB0E00923DD6 /* ClickData.swift */; };
		24107ABD2BB6FFF700923DD6 /* LinkAnalyticCardView.swift in Sources */ = {isa = PBXBuildFile; fileRef = 24107ABC2BB6FFF700923DD6 /* LinkAnalyticCardView.swift */; };
		24107ABF2BB7003100923DD6 /* LinkAnalyticsModel.swift in Sources */ = {isa = PBXBuildFile; fileRef = 24107ABE2BB7003100923DD6 /* LinkAnalyticsModel.swift */; };
		24107AC42BB72ABD00923DD6 /* CoursesView.swift in Sources */ = {isa = PBXBuildFile; fileRef = 24107AC32BB72ABD00923DD6 /* CoursesView.swift */; };
		24107AC62BB72AE000923DD6 /* CampaignsView.swift in Sources */ = {isa = PBXBuildFile; fileRef = 24107AC52BB72AE000923DD6 /* CampaignsView.swift */; };
		24107AC82BB72AF000923DD6 /* ProfileView.swift in Sources */ = {isa = PBXBuildFile; fileRef = 24107AC72BB72AF000923DD6 /* ProfileView.swift */; };
		24107ACF2BB72B8800923DD6 /* AddView.swift in Sources */ = {isa = PBXBuildFile; fileRef = 24107ACE2BB72B8800923DD6 /* AddView.swift */; };
		24107AD12BB73BFC00923DD6 /* LinksType.swift in Sources */ = {isa = PBXBuildFile; fileRef = 24107AD02BB73BFC00923DD6 /* LinksType.swift */; };
		24107AD42BB73C7600923DD6 /* Extension+String.swift in Sources */ = {isa = PBXBuildFile; fileRef = 24107AD32BB73C7600923DD6 /* Extension+String.swift */; };
		24C13F912BB68045002DCCF6 /* OpeninAppApp.swift in Sources */ = {isa = PBXBuildFile; fileRef = 24C13F902BB68045002DCCF6 /* OpeninAppApp.swift */; };
		24C13F932BB68045002DCCF6 /* DashboardView.swift in Sources */ = {isa = PBXBuildFile; fileRef = 24C13F922BB68045002DCCF6 /* DashboardView.swift */; };
		24C13F952BB68047002DCCF6 /* Assets.xcassets in Resources */ = {isa = PBXBuildFile; fileRef = 24C13F942BB68047002DCCF6 /* Assets.xcassets */; };
		24C13F982BB68047002DCCF6 /* Preview Assets.xcassets in Resources */ = {isa = PBXBuildFile; fileRef = 24C13F972BB68047002DCCF6 /* Preview Assets.xcassets */; };
		24C13FA22BB68047002DCCF6 /* OpeninAppTests.swift in Sources */ = {isa = PBXBuildFile; fileRef = 24C13FA12BB68047002DCCF6 /* OpeninAppTests.swift */; };
		24C13FAC2BB68047002DCCF6 /* OpeninAppUITests.swift in Sources */ = {isa = PBXBuildFile; fileRef = 24C13FAB2BB68047002DCCF6 /* OpeninAppUITests.swift */; };
		24C13FAE2BB68047002DCCF6 /* OpeninAppUITestsLaunchTests.swift in Sources */ = {isa = PBXBuildFile; fileRef = 24C13FAD2BB68047002DCCF6 /* OpeninAppUITestsLaunchTests.swift */; };
		24C13FBB2BB69232002DCCF6 /* CustomChartView.swift in Sources */ = {isa = PBXBuildFile; fileRef = 24C13FBA2BB69232002DCCF6 /* CustomChartView.swift */; };
		24DB14CF2BBABB2B003E5D39 /* Figtree-Medium.ttf in Resources */ = {isa = PBXBuildFile; fileRef = 24DB14CB2BBABB2B003E5D39 /* Figtree-Medium.ttf */; };
		24DB14D02BBABB2B003E5D39 /* Figtree-Bold.ttf in Resources */ = {isa = PBXBuildFile; fileRef = 24DB14CC2BBABB2B003E5D39 /* Figtree-Bold.ttf */; };
		24DB14D12BBABB2B003E5D39 /* Figtree-SemiBold.ttf in Resources */ = {isa = PBXBuildFile; fileRef = 24DB14CD2BBABB2B003E5D39 /* Figtree-SemiBold.ttf */; };
		24DB14D22BBABB2B003E5D39 /* Figtree-Regular.ttf in Resources */ = {isa = PBXBuildFile; fileRef = 24DB14CE2BBABB2B003E5D39 /* Figtree-Regular.ttf */; };
/* End PBXBuildFile section */

/* Begin PBXContainerItemProxy section */
		24C13F9E2BB68047002DCCF6 /* PBXContainerItemProxy */ = {
			isa = PBXContainerItemProxy;
			containerPortal = 24C13F852BB68044002DCCF6 /* Project object */;
			proxyType = 1;
			remoteGlobalIDString = 24C13F8C2BB68045002DCCF6;
			remoteInfo = OpeninApp;
		};
		24C13FA82BB68047002DCCF6 /* PBXContainerItemProxy */ = {
			isa = PBXContainerItemProxy;
			containerPortal = 24C13F852BB68044002DCCF6 /* Project object */;
			proxyType = 1;
			remoteGlobalIDString = 24C13F8C2BB68045002DCCF6;
			remoteInfo = OpeninApp;
		};
/* End PBXContainerItemProxy section */

/* Begin PBXFileReference section */
		24107AA52BB6AE9200923DD6 /* MainTabView.swift */ = {isa = PBXFileReference; lastKnownFileType = sourcecode.swift; path = MainTabView.swift; sourceTree = "<group>"; };
		24107AA72BB6CC6400923DD6 /* GreetingUserView.swift */ = {isa = PBXFileReference; lastKnownFileType = sourcecode.swift; path = GreetingUserView.swift; sourceTree = "<group>"; };
		24107AAA2BB6CCF100923DD6 /* LinkViewModel.swift */ = {isa = PBXFileReference; lastKnownFileType = sourcecode.swift; path = LinkViewModel.swift; sourceTree = "<group>"; };
		24107AAD2BB6D37D00923DD6 /* LinkAnalyticsView.swift */ = {isa = PBXFileReference; lastKnownFileType = sourcecode.swift; path = LinkAnalyticsView.swift; sourceTree = "<group>"; };
		24107AAF2BB6E29300923DD6 /* LinksListView.swift */ = {isa = PBXFileReference; lastKnownFileType = sourcecode.swift; path = LinksListView.swift; sourceTree = "<group>"; };
		24107AB12BB6E4C600923DD6 /* LinkListCardView.swift */ = {isa = PBXFileReference; lastKnownFileType = sourcecode.swift; path = LinkListCardView.swift; sourceTree = "<group>"; };
		24107AB32BB6EE1800923DD6 /* SupportButtonView.swift */ = {isa = PBXFileReference; lastKnownFileType = sourcecode.swift; path = SupportButtonView.swift; sourceTree = "<group>"; };
		24107AB62BB6F19500923DD6 /* NetworkManager.swift */ = {isa = PBXFileReference; lastKnownFileType = sourcecode.swift; path = NetworkManager.swift; sourceTree = "<group>"; };
		24107AB82BB6F6BD00923DD6 /* DashboardDataModel.swift */ = {isa = PBXFileReference; lastKnownFileType = sourcecode.swift; path = DashboardDataModel.swift; sourceTree = "<group>"; };
		24107ABA2BB6FB0E00923DD6 /* ClickData.swift */ = {isa = PBXFileReference; lastKnownFileType = sourcecode.swift; path = ClickData.swift; sourceTree = "<group>"; };
		24107ABC2BB6FFF700923DD6 /* LinkAnalyticCardView.swift */ = {isa = PBXFileReference; lastKnownFileType = sourcecode.swift; path = LinkAnalyticCardView.swift; sourceTree = "<group>"; };
		24107ABE2BB7003100923DD6 /* LinkAnalyticsModel.swift */ = {isa = PBXFileReference; lastKnownFileType = sourcecode.swift; path = LinkAnalyticsModel.swift; sourceTree = "<group>"; };
		24107AC32BB72ABD00923DD6 /* CoursesView.swift */ = {isa = PBXFileReference; lastKnownFileType = sourcecode.swift; path = CoursesView.swift; sourceTree = "<group>"; };
		24107AC52BB72AE000923DD6 /* CampaignsView.swift */ = {isa = PBXFileReference; lastKnownFileType = sourcecode.swift; path = CampaignsView.swift; sourceTree = "<group>"; };
		24107AC72BB72AF000923DD6 /* ProfileView.swift */ = {isa = PBXFileReference; lastKnownFileType = sourcecode.swift; path = ProfileView.swift; sourceTree = "<group>"; };
		24107ACE2BB72B8800923DD6 /* AddView.swift */ = {isa = PBXFileReference; lastKnownFileType = sourcecode.swift; path = AddView.swift; sourceTree = "<group>"; };
		24107AD02BB73BFC00923DD6 /* LinksType.swift */ = {isa = PBXFileReference; lastKnownFileType = sourcecode.swift; path = LinksType.swift; sourceTree = "<group>"; };
		24107AD32BB73C7600923DD6 /* Extension+String.swift */ = {isa = PBXFileReference; lastKnownFileType = sourcecode.swift; path = "Extension+String.swift"; sourceTree = "<group>"; };
		24C13F8D2BB68045002DCCF6 /* OpeninApp.app */ = {isa = PBXFileReference; explicitFileType = wrapper.application; includeInIndex = 0; path = OpeninApp.app; sourceTree = BUILT_PRODUCTS_DIR; };
		24C13F902BB68045002DCCF6 /* OpeninAppApp.swift */ = {isa = PBXFileReference; lastKnownFileType = sourcecode.swift; path = OpeninAppApp.swift; sourceTree = "<group>"; };
		24C13F922BB68045002DCCF6 /* DashboardView.swift */ = {isa = PBXFileReference; lastKnownFileType = sourcecode.swift; path = DashboardView.swift; sourceTree = "<group>"; };
		24C13F942BB68047002DCCF6 /* Assets.xcassets */ = {isa = PBXFileReference; lastKnownFileType = folder.assetcatalog; path = Assets.xcassets; sourceTree = "<group>"; };
		24C13F972BB68047002DCCF6 /* Preview Assets.xcassets */ = {isa = PBXFileReference; lastKnownFileType = folder.assetcatalog; path = "Preview Assets.xcassets"; sourceTree = "<group>"; };
		24C13F9D2BB68047002DCCF6 /* OpeninAppTests.xctest */ = {isa = PBXFileReference; explicitFileType = wrapper.cfbundle; includeInIndex = 0; path = OpeninAppTests.xctest; sourceTree = BUILT_PRODUCTS_DIR; };
		24C13FA12BB68047002DCCF6 /* OpeninAppTests.swift */ = {isa = PBXFileReference; lastKnownFileType = sourcecode.swift; path = OpeninAppTests.swift; sourceTree = "<group>"; };
		24C13FA72BB68047002DCCF6 /* OpeninAppUITests.xctest */ = {isa = PBXFileReference; explicitFileType = wrapper.cfbundle; includeInIndex = 0; path = OpeninAppUITests.xctest; sourceTree = BUILT_PRODUCTS_DIR; };
		24C13FAB2BB68047002DCCF6 /* OpeninAppUITests.swift */ = {isa = PBXFileReference; lastKnownFileType = sourcecode.swift; path = OpeninAppUITests.swift; sourceTree = "<group>"; };
		24C13FAD2BB68047002DCCF6 /* OpeninAppUITestsLaunchTests.swift */ = {isa = PBXFileReference; lastKnownFileType = sourcecode.swift; path = OpeninAppUITestsLaunchTests.swift; sourceTree = "<group>"; };
		24C13FBA2BB69232002DCCF6 /* CustomChartView.swift */ = {isa = PBXFileReference; lastKnownFileType = sourcecode.swift; path = CustomChartView.swift; sourceTree = "<group>"; };
		24DB14CB2BBABB2B003E5D39 /* Figtree-Medium.ttf */ = {isa = PBXFileReference; lastKnownFileType = file; name = "Figtree-Medium.ttf"; path = "../../19870714-[mukesh&bollepalli]-NYCSchools/OpenInAppAssignment-main/OpenInAppAssignment/Fonts/Figtree-Medium.ttf"; sourceTree = "<group>"; };
		24DB14CC2BBABB2B003E5D39 /* Figtree-Bold.ttf */ = {isa = PBXFileReference; lastKnownFileType = file; name = "Figtree-Bold.ttf"; path = "../../19870714-[mukesh&bollepalli]-NYCSchools/OpenInAppAssignment-main/OpenInAppAssignment/Fonts/Figtree-Bold.ttf"; sourceTree = "<group>"; };
		24DB14CD2BBABB2B003E5D39 /* Figtree-SemiBold.ttf */ = {isa = PBXFileReference; lastKnownFileType = file; name = "Figtree-SemiBold.ttf"; path = "../../19870714-[mukesh&bollepalli]-NYCSchools/OpenInAppAssignment-main/OpenInAppAssignment/Fonts/Figtree-SemiBold.ttf"; sourceTree = "<group>"; };
		24DB14CE2BBABB2B003E5D39 /* Figtree-Regular.ttf */ = {isa = PBXFileReference; lastKnownFileType = file; name = "Figtree-Regular.ttf"; path = "../../19870714-[mukesh&bollepalli]-NYCSchools/OpenInAppAssignment-main/OpenInAppAssignment/Fonts/Figtree-Regular.ttf"; sourceTree = "<group>"; };
/* End PBXFileReference section */

/* Begin PBXFrameworksBuildPhase section */
		24C13F8A2BB68045002DCCF6 /* Frameworks */ = {
			isa = PBXFrameworksBuildPhase;
			buildActionMask = 2147483647;
			files = (
			);
			runOnlyForDeploymentPostprocessing = 0;
		};
		24C13F9A2BB68047002DCCF6 /* Frameworks */ = {
			isa = PBXFrameworksBuildPhase;
			buildActionMask = 2147483647;
			files = (
			);
			runOnlyForDeploymentPostprocessing = 0;
		};
		24C13FA42BB68047002DCCF6 /* Frameworks */ = {
			isa = PBXFrameworksBuildPhase;
			buildActionMask = 2147483647;
			files = (
			);
			runOnlyForDeploymentPostprocessing = 0;
		};
/* End PBXFrameworksBuildPhase section */

/* Begin PBXGroup section */
		24107AA92BB6CCC100923DD6 /* Viewodel */ = {
			isa = PBXGroup;
			children = (
				24107AAA2BB6CCF100923DD6 /* LinkViewModel.swift */,
			);
			path = Viewodel;
			sourceTree = "<group>";
		};
		24107AAC2BB6CD0F00923DD6 /* Model */ = {
			isa = PBXGroup;
			children = (
				24107AB82BB6F6BD00923DD6 /* DashboardDataModel.swift */,
				24107ABE2BB7003100923DD6 /* LinkAnalyticsModel.swift */,
				24107ABA2BB6FB0E00923DD6 /* ClickData.swift */,
				24107AD02BB73BFC00923DD6 /* LinksType.swift */,
			);
			path = Model;
			sourceTree = "<group>";
		};
		24107AB52BB6F16700923DD6 /* Manager */ = {
			isa = PBXGroup;
			children = (
				24107AB62BB6F19500923DD6 /* NetworkManager.swift */,
			);
			path = Manager;
			sourceTree = "<group>";
		};
		24107AC02BB72A9700923DD6 /* View */ = {
			isa = PBXGroup;
			children = (
				24107AA52BB6AE9200923DD6 /* MainTabView.swift */,
				24107ACA2BB72B3600923DD6 /* LinkView */,
				24107AC92BB72B2E00923DD6 /* CoursesView */,
				24107ACD2BB72B6F00923DD6 /* AddView */,
				24107ACB2BB72B4000923DD6 /* CampaignsView */,
				24107ACC2BB72B5F00923DD6 /* ProfileView */,
			);
			path = View;
			sourceTree = "<group>";
		};
		24107AC92BB72B2E00923DD6 /* CoursesView */ = {
			isa = PBXGroup;
			children = (
				24107AC32BB72ABD00923DD6 /* CoursesView.swift */,
			);
			path = CoursesView;
			sourceTree = "<group>";
		};
		24107ACA2BB72B3600923DD6 /* LinkView */ = {
			isa = PBXGroup;
			children = (
				24C13F922BB68045002DCCF6 /* DashboardView.swift */,
				24107AA72BB6CC6400923DD6 /* GreetingUserView.swift */,
				24C13FBA2BB69232002DCCF6 /* CustomChartView.swift */,
				24107AAD2BB6D37D00923DD6 /* LinkAnalyticsView.swift */,
				24107ABC2BB6FFF700923DD6 /* LinkAnalyticCardView.swift */,
				24107AAF2BB6E29300923DD6 /* LinksListView.swift */,
				24107AB12BB6E4C600923DD6 /* LinkListCardView.swift */,
				24107AB32BB6EE1800923DD6 /* SupportButtonView.swift */,
			);
			path = LinkView;
			sourceTree = "<group>";
		};
		24107ACB2BB72B4000923DD6 /* CampaignsView */ = {
			isa = PBXGroup;
			children = (
				24107AC52BB72AE000923DD6 /* CampaignsView.swift */,
			);
			path = CampaignsView;
			sourceTree = "<group>";
		};
		24107ACC2BB72B5F00923DD6 /* ProfileView */ = {
			isa = PBXGroup;
			children = (
				24107AC72BB72AF000923DD6 /* ProfileView.swift */,
			);
			path = ProfileView;
			sourceTree = "<group>";
		};
		24107ACD2BB72B6F00923DD6 /* AddView */ = {
			isa = PBXGroup;
			children = (
				24107ACE2BB72B8800923DD6 /* AddView.swift */,
			);
			path = AddView;
			sourceTree = "<group>";
		};
		24107AD22BB73C6400923DD6 /* Extensions */ = {
			isa = PBXGroup;
			children = (
				24107AD32BB73C7600923DD6 /* Extension+String.swift */,
			);
			path = Extensions;
			sourceTree = "<group>";
		};
		24C13F842BB68044002DCCF6 = {
			isa = PBXGroup;
			children = (
				24C13F8F2BB68045002DCCF6 /* OpeninApp */,
				24C13FA02BB68047002DCCF6 /* OpeninAppTests */,
				24C13FAA2BB68047002DCCF6 /* OpeninAppUITests */,
				24C13F8E2BB68045002DCCF6 /* Products */,
			);
			sourceTree = "<group>";
		};
		24C13F8E2BB68045002DCCF6 /* Products */ = {
			isa = PBXGroup;
			children = (
				24C13F8D2BB68045002DCCF6 /* OpeninApp.app */,
				24C13F9D2BB68047002DCCF6 /* OpeninAppTests.xctest */,
				24C13FA72BB68047002DCCF6 /* OpeninAppUITests.xctest */,
			);
			name = Products;
			sourceTree = "<group>";
		};
		24C13F8F2BB68045002DCCF6 /* OpeninApp */ = {
			isa = PBXGroup;
			children = (
				24C13F902BB68045002DCCF6 /* OpeninAppApp.swift */,
				24107AC02BB72A9700923DD6 /* View */,
				24107AAC2BB6CD0F00923DD6 /* Model */,
				24107AA92BB6CCC100923DD6 /* Viewodel */,
				24107AB52BB6F16700923DD6 /* Manager */,
				24107AD22BB73C6400923DD6 /* Extensions */,
				24C13FBC2BB69820002DCCF6 /* Fonts */,
				24C13F942BB68047002DCCF6 /* Assets.xcassets */,
				24C13F962BB68047002DCCF6 /* Preview Content */,
			);
			path = OpeninApp;
			sourceTree = "<group>";
		};
		24C13F962BB68047002DCCF6 /* Preview Content */ = {
			isa = PBXGroup;
			children = (
				24C13F972BB68047002DCCF6 /* Preview Assets.xcassets */,
			);
			path = "Preview Content";
			sourceTree = "<group>";
		};
		24C13FA02BB68047002DCCF6 /* OpeninAppTests */ = {
			isa = PBXGroup;
			children = (
				24C13FA12BB68047002DCCF6 /* OpeninAppTests.swift */,
			);
			path = OpeninAppTests;
			sourceTree = "<group>";
		};
		24C13FAA2BB68047002DCCF6 /* OpeninAppUITests */ = {
			isa = PBXGroup;
			children = (
				24C13FAB2BB68047002DCCF6 /* OpeninAppUITests.swift */,
				24C13FAD2BB68047002DCCF6 /* OpeninAppUITestsLaunchTests.swift */,
			);
			path = OpeninAppUITests;
			sourceTree = "<group>";
		};
		24C13FBC2BB69820002DCCF6 /* Fonts */ = {
			isa = PBXGroup;
			children = (
				24DB14CC2BBABB2B003E5D39 /* Figtree-Bold.ttf */,
				24DB14CB2BBABB2B003E5D39 /* Figtree-Medium.ttf */,
				24DB14CE2BBABB2B003E5D39 /* Figtree-Regular.ttf */,
				24DB14CD2BBABB2B003E5D39 /* Figtree-SemiBold.ttf */,
			);
			name = Fonts;
			path = ../../../../../Downloads/india/Fonts;
			sourceTree = "<group>";
		};
/* End PBXGroup section */

/* Begin PBXNativeTarget section */
		24C13F8C2BB68045002DCCF6 /* OpeninApp */ = {
			isa = PBXNativeTarget;
			buildConfigurationList = 24C13FB12BB68047002DCCF6 /* Build configuration list for PBXNativeTarget "OpeninApp" */;
			buildPhases = (
				24C13F892BB68045002DCCF6 /* Sources */,
				24C13F8A2BB68045002DCCF6 /* Frameworks */,
				24C13F8B2BB68045002DCCF6 /* Resources */,
			);
			buildRules = (
			);
			dependencies = (
			);
			name = OpeninApp;
			productName = OpeninApp;
			productReference = 24C13F8D2BB68045002DCCF6 /* OpeninApp.app */;
			productType = "com.apple.product-type.application";
		};
		24C13F9C2BB68047002DCCF6 /* OpeninAppTests */ = {
			isa = PBXNativeTarget;
			buildConfigurationList = 24C13FB42BB68047002DCCF6 /* Build configuration list for PBXNativeTarget "OpeninAppTests" */;
			buildPhases = (
				24C13F992BB68047002DCCF6 /* Sources */,
				24C13F9A2BB68047002DCCF6 /* Frameworks */,
				24C13F9B2BB68047002DCCF6 /* Resources */,
			);
			buildRules = (
			);
			dependencies = (
				24C13F9F2BB68047002DCCF6 /* PBXTargetDependency */,
			);
			name = OpeninAppTests;
			productName = OpeninAppTests;
			productReference = 24C13F9D2BB68047002DCCF6 /* OpeninAppTests.xctest */;
			productType = "com.apple.product-type.bundle.unit-test";
		};
		24C13FA62BB68047002DCCF6 /* OpeninAppUITests */ = {
			isa = PBXNativeTarget;
			buildConfigurationList = 24C13FB72BB68047002DCCF6 /* Build configuration list for PBXNativeTarget "OpeninAppUITests" */;
			buildPhases = (
				24C13FA32BB68047002DCCF6 /* Sources */,
				24C13FA42BB68047002DCCF6 /* Frameworks */,
				24C13FA52BB68047002DCCF6 /* Resources */,
			);
			buildRules = (
			);
			dependencies = (
				24C13FA92BB68047002DCCF6 /* PBXTargetDependency */,
			);
			name = OpeninAppUITests;
			productName = OpeninAppUITests;
			productReference = 24C13FA72BB68047002DCCF6 /* OpeninAppUITests.xctest */;
			productType = "com.apple.product-type.bundle.ui-testing";
		};
/* End PBXNativeTarget section */

/* Begin PBXProject section */
		24C13F852BB68044002DCCF6 /* Project object */ = {
			isa = PBXProject;
			attributes = {
				BuildIndependentTargetsInParallel = 1;
				LastSwiftUpdateCheck = 1520;
				LastUpgradeCheck = 1520;
				TargetAttributes = {
					24C13F8C2BB68045002DCCF6 = {
						CreatedOnToolsVersion = 15.2;
					};
					24C13F9C2BB68047002DCCF6 = {
						CreatedOnToolsVersion = 15.2;
						TestTargetID = 24C13F8C2BB68045002DCCF6;
					};
					24C13FA62BB68047002DCCF6 = {
						CreatedOnToolsVersion = 15.2;
						TestTargetID = 24C13F8C2BB68045002DCCF6;
					};
				};
			};
			buildConfigurationList = 24C13F882BB68044002DCCF6 /* Build configuration list for PBXProject "OpeninApp" */;
			compatibilityVersion = "Xcode 14.0";
			developmentRegion = en;
			hasScannedForEncodings = 0;
			knownRegions = (
				en,
				Base,
			);
			mainGroup = 24C13F842BB68044002DCCF6;
			productRefGroup = 24C13F8E2BB68045002DCCF6 /* Products */;
			projectDirPath = "";
			projectRoot = "";
			targets = (
				24C13F8C2BB68045002DCCF6 /* OpeninApp */,
				24C13F9C2BB68047002DCCF6 /* OpeninAppTests */,
				24C13FA62BB68047002DCCF6 /* OpeninAppUITests */,
			);
		};
/* End PBXProject section */

/* Begin PBXResourcesBuildPhase section */
		24C13F8B2BB68045002DCCF6 /* Resources */ = {
			isa = PBXResourcesBuildPhase;
			buildActionMask = 2147483647;
			files = (
				24DB14D02BBABB2B003E5D39 /* Figtree-Bold.ttf in Resources */,
				24C13F982BB68047002DCCF6 /* Preview Assets.xcassets in Resources */,
				24C13F952BB68047002DCCF6 /* Assets.xcassets in Resources */,
				24DB14D12BBABB2B003E5D39 /* Figtree-SemiBold.ttf in Resources */,
				24DB14D22BBABB2B003E5D39 /* Figtree-Regular.ttf in Resources */,
				24DB14CF2BBABB2B003E5D39 /* Figtree-Medium.ttf in Resources */,
			);
			runOnlyForDeploymentPostprocessing = 0;
		};
		24C13F9B2BB68047002DCCF6 /* Resources */ = {
			isa = PBXResourcesBuildPhase;
			buildActionMask = 2147483647;
			files = (
			);
			runOnlyForDeploymentPostprocessing = 0;
		};
		24C13FA52BB68047002DCCF6 /* Resources */ = {
			isa = PBXResourcesBuildPhase;
			buildActionMask = 2147483647;
			files = (
			);
			runOnlyForDeploymentPostprocessing = 0;
		};
/* End PBXResourcesBuildPhase section */

/* Begin PBXSourcesBuildPhase section */
		24C13F892BB68045002DCCF6 /* Sources */ = {
			isa = PBXSourcesBuildPhase;
			buildActionMask = 2147483647;
			files = (
				24107AAE2BB6D37D00923DD6 /* LinkAnalyticsView.swift in Sources */,
				24C13F932BB68045002DCCF6 /* DashboardView.swift in Sources */,
				24107AB92BB6F6BD00923DD6 /* DashboardDataModel.swift in Sources */,
				24C13F912BB68045002DCCF6 /* OpeninAppApp.swift in Sources */,
				24107ABB2BB6FB0E00923DD6 /* ClickData.swift in Sources */,
				24107ABD2BB6FFF700923DD6 /* LinkAnalyticCardView.swift in Sources */,
				24C13FBB2BB69232002DCCF6 /* CustomChartView.swift in Sources */,
				24107ABF2BB7003100923DD6 /* LinkAnalyticsModel.swift in Sources */,
				24107AD42BB73C7600923DD6 /* Extension+String.swift in Sources */,
				24107AB72BB6F19500923DD6 /* NetworkManager.swift in Sources */,
				24107AA82BB6CC6400923DD6 /* GreetingUserView.swift in Sources */,
				24107ACF2BB72B8800923DD6 /* AddView.swift in Sources */,
				24107AC82BB72AF000923DD6 /* ProfileView.swift in Sources */,
				24107AAB2BB6CCF100923DD6 /* LinkViewModel.swift in Sources */,
				24107AD12BB73BFC00923DD6 /* LinksType.swift in Sources */,
				24107AC42BB72ABD00923DD6 /* CoursesView.swift in Sources */,
				24107AB42BB6EE1800923DD6 /* SupportButtonView.swift in Sources */,
				24107AB02BB6E29300923DD6 /* LinksListView.swift in Sources */,
				24107AC62BB72AE000923DD6 /* CampaignsView.swift in Sources */,
				24107AB22BB6E4C600923DD6 /* LinkListCardView.swift in Sources */,
				24107AA62BB6AE9200923DD6 /* MainTabView.swift in Sources */,
			);
			runOnlyForDeploymentPostprocessing = 0;
		};
		24C13F992BB68047002DCCF6 /* Sources */ = {
			isa = PBXSourcesBuildPhase;
			buildActionMask = 2147483647;
			files = (
				24C13FA22BB68047002DCCF6 /* OpeninAppTests.swift in Sources */,
			);
			runOnlyForDeploymentPostprocessing = 0;
		};
		24C13FA32BB68047002DCCF6 /* Sources */ = {
			isa = PBXSourcesBuildPhase;
			buildActionMask = 2147483647;
			files = (
				24C13FAC2BB68047002DCCF6 /* OpeninAppUITests.swift in Sources */,
				24C13FAE2BB68047002DCCF6 /* OpeninAppUITestsLaunchTests.swift in Sources */,
			);
			runOnlyForDeploymentPostprocessing = 0;
		};
/* End PBXSourcesBuildPhase section */

/* Begin PBXTargetDependency section */
		24C13F9F2BB68047002DCCF6 /* PBXTargetDependency */ = {
			isa = PBXTargetDependency;
			target = 24C13F8C2BB68045002DCCF6 /* OpeninApp */;
			targetProxy = 24C13F9E2BB68047002DCCF6 /* PBXContainerItemProxy */;
		};
		24C13FA92BB68047002DCCF6 /* PBXTargetDependency */ = {
			isa = PBXTargetDependency;
			target = 24C13F8C2BB68045002DCCF6 /* OpeninApp */;
			targetProxy = 24C13FA82BB68047002DCCF6 /* PBXContainerItemProxy */;
		};
/* End PBXTargetDependency section */

/* Begin XCBuildConfiguration section */
		24C13FAF2BB68047002DCCF6 /* Debug */ = {
			isa = XCBuildConfiguration;
			buildSettings = {
				ALWAYS_SEARCH_USER_PATHS = NO;
				ASSETCATALOG_COMPILER_GENERATE_SWIFT_ASSET_SYMBOL_EXTENSIONS = YES;
				CLANG_ANALYZER_NONNULL = YES;
				CLANG_ANALYZER_NUMBER_OBJECT_CONVERSION = YES_AGGRESSIVE;
				CLANG_CXX_LANGUAGE_STANDARD = "gnu++20";
				CLANG_ENABLE_MODULES = YES;
				CLANG_ENABLE_OBJC_ARC = YES;
				CLANG_ENABLE_OBJC_WEAK = YES;
				CLANG_WARN_BLOCK_CAPTURE_AUTORELEASING = YES;
				CLANG_WARN_BOOL_CONVERSION = YES;
				CLANG_WARN_COMMA = YES;
				CLANG_WARN_CONSTANT_CONVERSION = YES;
				CLANG_WARN_DEPRECATED_OBJC_IMPLEMENTATIONS = YES;
				CLANG_WARN_DIRECT_OBJC_ISA_USAGE = YES_ERROR;
				CLANG_WARN_DOCUMENTATION_COMMENTS = YES;
				CLANG_WARN_EMPTY_BODY = YES;
				CLANG_WARN_ENUM_CONVERSION = YES;
				CLANG_WARN_INFINITE_RECURSION = YES;
				CLANG_WARN_INT_CONVERSION = YES;
				CLANG_WARN_NON_LITERAL_NULL_CONVERSION = YES;
				CLANG_WARN_OBJC_IMPLICIT_RETAIN_SELF = YES;
				CLANG_WARN_OBJC_LITERAL_CONVERSION = YES;
				CLANG_WARN_OBJC_ROOT_CLASS = YES_ERROR;
				CLANG_WARN_QUOTED_INCLUDE_IN_FRAMEWORK_HEADER = YES;
				CLANG_WARN_RANGE_LOOP_ANALYSIS = YES;
				CLANG_WARN_STRICT_PROTOTYPES = YES;
				CLANG_WARN_SUSPICIOUS_MOVE = YES;
				CLANG_WARN_UNGUARDED_AVAILABILITY = YES_AGGRESSIVE;
				CLANG_WARN_UNREACHABLE_CODE = YES;
				CLANG_WARN__DUPLICATE_METHOD_MATCH = YES;
				COPY_PHASE_STRIP = NO;
				DEBUG_INFORMATION_FORMAT = dwarf;
				ENABLE_STRICT_OBJC_MSGSEND = YES;
				ENABLE_TESTABILITY = YES;
				ENABLE_USER_SCRIPT_SANDBOXING = YES;
				GCC_C_LANGUAGE_STANDARD = gnu17;
				GCC_DYNAMIC_NO_PIC = NO;
				GCC_NO_COMMON_BLOCKS = YES;
				GCC_OPTIMIZATION_LEVEL = 0;
				GCC_PREPROCESSOR_DEFINITIONS = (
					"DEBUG=1",
					"$(inherited)",
				);
				GCC_WARN_64_TO_32_BIT_CONVERSION = YES;
				GCC_WARN_ABOUT_RETURN_TYPE = YES_ERROR;
				GCC_WARN_UNDECLARED_SELECTOR = YES;
				GCC_WARN_UNINITIALIZED_AUTOS = YES_AGGRESSIVE;
				GCC_WARN_UNUSED_FUNCTION = YES;
				GCC_WARN_UNUSED_VARIABLE = YES;
				IPHONEOS_DEPLOYMENT_TARGET = 17.2;
				LOCALIZATION_PREFERS_STRING_CATALOGS = YES;
				MTL_ENABLE_DEBUG_INFO = INCLUDE_SOURCE;
				MTL_FAST_MATH = YES;
				ONLY_ACTIVE_ARCH = YES;
				SDKROOT = iphoneos;
				SWIFT_ACTIVE_COMPILATION_CONDITIONS = "DEBUG $(inherited)";
				SWIFT_OPTIMIZATION_LEVEL = "-Onone";
			};
			name = Debug;
		};
		24C13FB02BB68047002DCCF6 /* Release */ = {
			isa = XCBuildConfiguration;
			buildSettings = {
				ALWAYS_SEARCH_USER_PATHS = NO;
				ASSETCATALOG_COMPILER_GENERATE_SWIFT_ASSET_SYMBOL_EXTENSIONS = YES;
				CLANG_ANALYZER_NONNULL = YES;
				CLANG_ANALYZER_NUMBER_OBJECT_CONVERSION = YES_AGGRESSIVE;
				CLANG_CXX_LANGUAGE_STANDARD = "gnu++20";
				CLANG_ENABLE_MODULES = YES;
				CLANG_ENABLE_OBJC_ARC = YES;
				CLANG_ENABLE_OBJC_WEAK = YES;
				CLANG_WARN_BLOCK_CAPTURE_AUTORELEASING = YES;
				CLANG_WARN_BOOL_CONVERSION = YES;
				CLANG_WARN_COMMA = YES;
				CLANG_WARN_CONSTANT_CONVERSION = YES;
				CLANG_WARN_DEPRECATED_OBJC_IMPLEMENTATIONS = YES;
				CLANG_WARN_DIRECT_OBJC_ISA_USAGE = YES_ERROR;
				CLANG_WARN_DOCUMENTATION_COMMENTS = YES;
				CLANG_WARN_EMPTY_BODY = YES;
				CLANG_WARN_ENUM_CONVERSION = YES;
				CLANG_WARN_INFINITE_RECURSION = YES;
				CLANG_WARN_INT_CONVERSION = YES;
				CLANG_WARN_NON_LITERAL_NULL_CONVERSION = YES;
				CLANG_WARN_OBJC_IMPLICIT_RETAIN_SELF = YES;
				CLANG_WARN_OBJC_LITERAL_CONVERSION = YES;
				CLANG_WARN_OBJC_ROOT_CLASS = YES_ERROR;
				CLANG_WARN_QUOTED_INCLUDE_IN_FRAMEWORK_HEADER = YES;
				CLANG_WARN_RANGE_LOOP_ANALYSIS = YES;
				CLANG_WARN_STRICT_PROTOTYPES = YES;
				CLANG_WARN_SUSPICIOUS_MOVE = YES;
				CLANG_WARN_UNGUARDED_AVAILABILITY = YES_AGGRESSIVE;
				CLANG_WARN_UNREACHABLE_CODE = YES;
				CLANG_WARN__DUPLICATE_METHOD_MATCH = YES;
				COPY_PHASE_STRIP = NO;
				DEBUG_INFORMATION_FORMAT = "dwarf-with-dsym";
				ENABLE_NS_ASSERTIONS = NO;
				ENABLE_STRICT_OBJC_MSGSEND = YES;
				ENABLE_USER_SCRIPT_SANDBOXING = YES;
				GCC_C_LANGUAGE_STANDARD = gnu17;
				GCC_NO_COMMON_BLOCKS = YES;
				GCC_WARN_64_TO_32_BIT_CONVERSION = YES;
				GCC_WARN_ABOUT_RETURN_TYPE = YES_ERROR;
				GCC_WARN_UNDECLARED_SELECTOR = YES;
				GCC_WARN_UNINITIALIZED_AUTOS = YES_AGGRESSIVE;
				GCC_WARN_UNUSED_FUNCTION = YES;
				GCC_WARN_UNUSED_VARIABLE = YES;
				IPHONEOS_DEPLOYMENT_TARGET = 17.2;
				LOCALIZATION_PREFERS_STRING_CATALOGS = YES;
				MTL_ENABLE_DEBUG_INFO = NO;
				MTL_FAST_MATH = YES;
				SDKROOT = iphoneos;
				SWIFT_COMPILATION_MODE = wholemodule;
				VALIDATE_PRODUCT = YES;
			};
			name = Release;
		};
		24C13FB22BB68047002DCCF6 /* Debug */ = {
			isa = XCBuildConfiguration;
			buildSettings = {
				ASSETCATALOG_COMPILER_APPICON_NAME = AppIcon;
				ASSETCATALOG_COMPILER_GLOBAL_ACCENT_COLOR_NAME = AccentColor;
				CODE_SIGN_STYLE = Automatic;
				CURRENT_PROJECT_VERSION = 1;
				DEVELOPMENT_ASSET_PATHS = "\"OpeninApp/Preview Content\"";
				DEVELOPMENT_TEAM = DJ4HTA4RKP;
				ENABLE_PREVIEWS = YES;
				GENERATE_INFOPLIST_FILE = YES;
				INFOPLIST_KEY_UIApplicationSceneManifest_Generation = YES;
				INFOPLIST_KEY_UIApplicationSupportsIndirectInputEvents = YES;
				INFOPLIST_KEY_UILaunchScreen_Generation = YES;
				INFOPLIST_KEY_UISupportedInterfaceOrientations_iPad = "UIInterfaceOrientationPortrait UIInterfaceOrientationPortraitUpsideDown UIInterfaceOrientationLandscapeLeft UIInterfaceOrientationLandscapeRight";
				INFOPLIST_KEY_UISupportedInterfaceOrientations_iPhone = "UIInterfaceOrientationPortrait UIInterfaceOrientationLandscapeLeft UIInterfaceOrientationLandscapeRight";
				LD_RUNPATH_SEARCH_PATHS = (
					"$(inherited)",
					"@executable_path/Frameworks",
				);
				MARKETING_VERSION = 1.0;
				PRODUCT_BUNDLE_IDENTIFIER = "com.venki-nyamagoudar.OpeninApp";
				PRODUCT_NAME = "$(TARGET_NAME)";
				SWIFT_EMIT_LOC_STRINGS = YES;
				SWIFT_VERSION = 5.0;
				TARGETED_DEVICE_FAMILY = "1,2";
			};
			name = Debug;
		};
		24C13FB32BB68047002DCCF6 /* Release */ = {
			isa = XCBuildConfiguration;
			buildSettings = {
				ASSETCATALOG_COMPILER_APPICON_NAME = AppIcon;
				ASSETCATALOG_COMPILER_GLOBAL_ACCENT_COLOR_NAME = AccentColor;
				CODE_SIGN_STYLE = Automatic;
				CURRENT_PROJECT_VERSION = 1;
				DEVELOPMENT_ASSET_PATHS = "\"OpeninApp/Preview Content\"";
				DEVELOPMENT_TEAM = DJ4HTA4RKP;
				ENABLE_PREVIEWS = YES;
				GENERATE_INFOPLIST_FILE = YES;
				INFOPLIST_KEY_UIApplicationSceneManifest_Generation = YES;
				INFOPLIST_KEY_UIApplicationSupportsIndirectInputEvents = YES;
				INFOPLIST_KEY_UILaunchScreen_Generation = YES;
				INFOPLIST_KEY_UISupportedInterfaceOrientations_iPad = "UIInterfaceOrientationPortrait UIInterfaceOrientationPortraitUpsideDown UIInterfaceOrientationLandscapeLeft UIInterfaceOrientationLandscapeRight";
				INFOPLIST_KEY_UISupportedInterfaceOrientations_iPhone = "UIInterfaceOrientationPortrait UIInterfaceOrientationLandscapeLeft UIInterfaceOrientationLandscapeRight";
				LD_RUNPATH_SEARCH_PATHS = (
					"$(inherited)",
					"@executable_path/Frameworks",
				);
				MARKETING_VERSION = 1.0;
				PRODUCT_BUNDLE_IDENTIFIER = "com.venki-nyamagoudar.OpeninApp";
				PRODUCT_NAME = "$(TARGET_NAME)";
				SWIFT_EMIT_LOC_STRINGS = YES;
				SWIFT_VERSION = 5.0;
				TARGETED_DEVICE_FAMILY = "1,2";
			};
			name = Release;
		};
		24C13FB52BB68047002DCCF6 /* Debug */ = {
			isa = XCBuildConfiguration;
			buildSettings = {
				ALWAYS_EMBED_SWIFT_STANDARD_LIBRARIES = YES;
				BUNDLE_LOADER = "$(TEST_HOST)";
				CODE_SIGN_STYLE = Automatic;
				CURRENT_PROJECT_VERSION = 1;
				DEVELOPMENT_TEAM = DJ4HTA4RKP;
				GENERATE_INFOPLIST_FILE = YES;
				IPHONEOS_DEPLOYMENT_TARGET = 17.2;
				MARKETING_VERSION = 1.0;
				PRODUCT_BUNDLE_IDENTIFIER = "com.venki-nyamagoudar.OpeninAppTests";
				PRODUCT_NAME = "$(TARGET_NAME)";
				SWIFT_EMIT_LOC_STRINGS = NO;
				SWIFT_VERSION = 5.0;
				TARGETED_DEVICE_FAMILY = "1,2";
				TEST_HOST = "$(BUILT_PRODUCTS_DIR)/OpeninApp.app/$(BUNDLE_EXECUTABLE_FOLDER_PATH)/OpeninApp";
			};
			name = Debug;
		};
		24C13FB62BB68047002DCCF6 /* Release */ = {
			isa = XCBuildConfiguration;
			buildSettings = {
				ALWAYS_EMBED_SWIFT_STANDARD_LIBRARIES = YES;
				BUNDLE_LOADER = "$(TEST_HOST)";
				CODE_SIGN_STYLE = Automatic;
				CURRENT_PROJECT_VERSION = 1;
				DEVELOPMENT_TEAM = DJ4HTA4RKP;
				GENERATE_INFOPLIST_FILE = YES;
				IPHONEOS_DEPLOYMENT_TARGET = 17.2;
				MARKETING_VERSION = 1.0;
				PRODUCT_BUNDLE_IDENTIFIER = "com.venki-nyamagoudar.OpeninAppTests";
				PRODUCT_NAME = "$(TARGET_NAME)";
				SWIFT_EMIT_LOC_STRINGS = NO;
				SWIFT_VERSION = 5.0;
				TARGETED_DEVICE_FAMILY = "1,2";
				TEST_HOST = "$(BUILT_PRODUCTS_DIR)/OpeninApp.app/$(BUNDLE_EXECUTABLE_FOLDER_PATH)/OpeninApp";
			};
			name = Release;
		};
		24C13FB82BB68047002DCCF6 /* Debug */ = {
			isa = XCBuildConfiguration;
			buildSettings = {
				ALWAYS_EMBED_SWIFT_STANDARD_LIBRARIES = YES;
				CODE_SIGN_STYLE = Automatic;
				CURRENT_PROJECT_VERSION = 1;
				DEVELOPMENT_TEAM = DJ4HTA4RKP;
				GENERATE_INFOPLIST_FILE = YES;
				MARKETING_VERSION = 1.0;
				PRODUCT_BUNDLE_IDENTIFIER = "com.venki-nyamagoudar.OpeninAppUITests";
				PRODUCT_NAME = "$(TARGET_NAME)";
				SWIFT_EMIT_LOC_STRINGS = NO;
				SWIFT_VERSION = 5.0;
				TARGETED_DEVICE_FAMILY = "1,2";
				TEST_TARGET_NAME = OpeninApp;
			};
			name = Debug;
		};
		24C13FB92BB68047002DCCF6 /* Release */ = {
			isa = XCBuildConfiguration;
			buildSettings = {
				ALWAYS_EMBED_SWIFT_STANDARD_LIBRARIES = YES;
				CODE_SIGN_STYLE = Automatic;
				CURRENT_PROJECT_VERSION = 1;
				DEVELOPMENT_TEAM = DJ4HTA4RKP;
				GENERATE_INFOPLIST_FILE = YES;
				MARKETING_VERSION = 1.0;
				PRODUCT_BUNDLE_IDENTIFIER = "com.venki-nyamagoudar.OpeninAppUITests";
				PRODUCT_NAME = "$(TARGET_NAME)";
				SWIFT_EMIT_LOC_STRINGS = NO;
				SWIFT_VERSION = 5.0;
				TARGETED_DEVICE_FAMILY = "1,2";
				TEST_TARGET_NAME = OpeninApp;
			};
			name = Release;
		};
/* End XCBuildConfiguration section */

/* Begin XCConfigurationList section */
		24C13F882BB68044002DCCF6 /* Build configuration list for PBXProject "OpeninApp" */ = {
			isa = XCConfigurationList;
			buildConfigurations = (
				24C13FAF2BB68047002DCCF6 /* Debug */,
				24C13FB02BB68047002DCCF6 /* Release */,
			);
			defaultConfigurationIsVisible = 0;
			defaultConfigurationName = Release;
		};
		24C13FB12BB68047002DCCF6 /* Build configuration list for PBXNativeTarget "OpeninApp" */ = {
			isa = XCConfigurationList;
			buildConfigurations = (
				24C13FB22BB68047002DCCF6 /* Debug */,
				24C13FB32BB68047002DCCF6 /* Release */,
			);
			defaultConfigurationIsVisible = 0;
			defaultConfigurationName = Release;
		};
		24C13FB42BB68047002DCCF6 /* Build configuration list for PBXNativeTarget "OpeninAppTests" */ = {
			isa = XCConfigurationList;
			buildConfigurations = (
				24C13FB52BB68047002DCCF6 /* Debug */,
				24C13FB62BB68047002DCCF6 /* Release */,
			);
			defaultConfigurationIsVisible = 0;
			defaultConfigurationName = Release;
		};
		24C13FB72BB68047002DCCF6 /* Build configuration list for PBXNativeTarget "OpeninAppUITests" */ = {
			isa = XCConfigurationList;
			buildConfigurations = (
				24C13FB82BB68047002DCCF6 /* Debug */,
				24C13FB92BB68047002DCCF6 /* Release */,
			);
			defaultConfigurationIsVisible = 0;
			defaultConfigurationName = Release;
		};
/* End XCConfigurationList section */
	};
	rootObject = 24C13F852BB68044002DCCF6 /* Project object */;
}
